
Microsoft Visual Studio Solution File, Format Version 12.00
# Visual Studio Version 17
VisualStudioVersion = 17.9.34622.214
MinimumVisualStudioVersion = 10.0.40219.1
Project("{FAE04EC0-301F-11D3-BF4B-00C04F79EFBC}") = "PremierLeague.WebApp", "PremierLeague.WebApp\PremierLeague.WebApp.csproj", "{26BF80D5-941F-4D61-B528-2084C42C64ED}"
EndProject
Project("{FAE04EC0-301F-11D3-BF4B-00C04F79EFBC}") = "PremierLeague.Repositories", "PremierLeague.Repositories\PremierLeague.Repositories.csproj", "{6F7EF329-40AC-43B0-AF57-57C2404A787A}"
EndProject
Project("{FAE04EC0-301F-11D3-BF4B-00C04F79EFBC}") = "PremierLeague.Sevices", "PremierLeague.Sevices\PremierLeague.Sevices.csproj", "{CD3055CC-8CFE-4FDE-802A-A8C5877F6603}"
EndProject
Global
	GlobalSection(SolutionConfigurationPlatforms) = preSolution
		Debug|Any CPU = Debug|Any CPU
		Release|Any CPU = Release|Any CPU
	EndGlobalSection
	GlobalSection(ProjectConfigurationPlatforms) = postSolution
		{26BF80D5-941F-4D61-B528-2084C42C64ED}.Debug|Any CPU.ActiveCfg = Debug|Any CPU
		{26BF80D5-941F-4D61-B528-2084C42C64ED}.Debug|Any CPU.Build.0 = Debug|Any CPU
		{26BF80D5-941F-4D61-B528-2084C42C64ED}.Release|Any CPU.ActiveCfg = Release|Any CPU
		{26BF80D5-941F-4D61-B528-2084C42C64ED}.Release|Any CPU.Build.0 = Release|Any CPU
		{6F7EF329-40AC-43B0-AF57-57C2404A787A}.Debug|Any CPU.ActiveCfg = Debug|Any CPU
		{6F7EF329-40AC-43B0-AF57-57C2404A787A}.Debug|Any CPU.Build.0 = Debug|Any CPU
		{6F7EF329-40AC-43B0-AF57-57C2404A787A}.Release|Any CPU.ActiveCfg = Release|Any CPU
		{6F7EF329-40AC-43B0-AF57-57C2404A787A}.Release|Any CPU.Build.0 = Release|Any CPU
		{CD3055CC-8CFE-4FDE-802A-A8C5877F6603}.Debug|Any CPU.ActiveCfg = Debug|Any CPU
		{CD3055CC-8CFE-4FDE-802A-A8C5877F6603}.Debug|Any CPU.Build.0 = Debug|Any CPU
		{CD3055CC-8CFE-4FDE-802A-A8C5877F6603}.Release|Any CPU.ActiveCfg = Release|Any CPU
		{CD3055CC-8CFE-4FDE-802A-A8C5877F6603}.Release|Any CPU.Build.0 = Release|Any CPU
	EndGlobalSection
	GlobalSection(SolutionProperties) = preSolution
		HideSolutionNode = FALSE
	EndGlobalSection
	GlobalSection(ExtensibilityGlobals) = postSolution
		SolutionGuid = {C7DAEB18-3DF2-436C-910B-2186D63D7193}
	EndGlobalSection
EndGlobal
